# THIS IS AN AUTOGENERATED FILE. DO NOT EDIT THIS FILE DIRECTLY.
# yarn lockfile v1


prettier@^3.2.1:
  version "3.2.1"
  resolved "https://registry.yarnpkg.com/prettier/-/prettier-3.2.1.tgz#babf33580e16c796a9740b9fae551624f7bfeaab"
  integrity sha512-qSUWshj1IobVbKc226Gw2pync27t0Kf0EdufZa9j7uBSJay1CC+B3K5lAAZoqgX3ASiKuWsk6OmzKRetXNObWg==
